// !$*UTF8*$!
{
	archiveVersion = 1;
	classes = {
	};
	objectVersion = 56;
	objects = {

/* Begin PBXBuildFile section */
		8227ADCD2A8235A100BCCA81 /* SocketIO in Frameworks */ = {isa = PBXBuildFile; productRef = 8227ADCC2A8235A100BCCA81 /* SocketIO */; };
		8227ADD02A8235DF00BCCA81 /* Alamofire in Frameworks */ = {isa = PBXBuildFile; productRef = 8227ADCF2A8235DF00BCCA81 /* Alamofire */; };
		8227ADD32A83426300BCCA81 /* UIViewController+extension.swift in Sources */ = {isa = PBXBuildFile; fileRef = 8227ADD22A83426300BCCA81 /* UIViewController+extension.swift */; };
		8227ADD82A838F5100BCCA81 /* Date+Extension.swift in Sources */ = {isa = PBXBuildFile; fileRef = 8227ADD72A838F5100BCCA81 /* Date+Extension.swift */; };
		8227ADDA2A83B3CA00BCCA81 /* ClientMessagingVC+ExtensionTableView.swift in Sources */ = {isa = PBXBuildFile; fileRef = 8227ADD92A83B3CA00BCCA81 /* ClientMessagingVC+ExtensionTableView.swift */; };
		8227ADDD2A83FDDB00BCCA81 /* SDWebImage in Frameworks */ = {isa = PBXBuildFile; productRef = 8227ADDC2A83FDDB00BCCA81 /* SDWebImage */; };
		8227ADDF2A83FDDB00BCCA81 /* SDWebImageMapKit in Frameworks */ = {isa = PBXBuildFile; productRef = 8227ADDE2A83FDDB00BCCA81 /* SDWebImageMapKit */; };
		8227ADE12A84D55400BCCA81 /* ErrResp.swift in Sources */ = {isa = PBXBuildFile; fileRef = 8227ADE02A84D55400BCCA81 /* ErrResp.swift */; };
		8227ADE32A84DEB400BCCA81 /* LawyerMessagingVC+ExtensionTableView.swift in Sources */ = {isa = PBXBuildFile; fileRef = 8227ADE22A84DEB400BCCA81 /* LawyerMessagingVC+ExtensionTableView.swift */; };
		8227ADE52A84DFD500BCCA81 /* ClientMessagingVC+ExtensionProtocol.swift in Sources */ = {isa = PBXBuildFile; fileRef = 8227ADE42A84DFD500BCCA81 /* ClientMessagingVC+ExtensionProtocol.swift */; };
		8227ADE92A84E24500BCCA81 /* LoadingStateView.swift in Sources */ = {isa = PBXBuildFile; fileRef = 8227ADE72A84E24500BCCA81 /* LoadingStateView.swift */; };
		8227ADEA2A84E24500BCCA81 /* LoadingStateView.xib in Resources */ = {isa = PBXBuildFile; fileRef = 8227ADE82A84E24500BCCA81 /* LoadingStateView.xib */; };
		8227ADED2A84E4E300BCCA81 /* Lottie in Frameworks */ = {isa = PBXBuildFile; productRef = 8227ADEC2A84E4E300BCCA81 /* Lottie */; };
		8227ADF02A84E69400BCCA81 /* Alert.swift in Sources */ = {isa = PBXBuildFile; fileRef = 8227ADEF2A84E69400BCCA81 /* Alert.swift */; };
		8227ADF22A84E6E500BCCA81 /* AlertInfo.swift in Sources */ = {isa = PBXBuildFile; fileRef = 8227ADF12A84E6E500BCCA81 /* AlertInfo.swift */; };
		8227ADF42A84E77300BCCA81 /* UIApplication+Extension.swift in Sources */ = {isa = PBXBuildFile; fileRef = 8227ADF32A84E77300BCCA81 /* UIApplication+Extension.swift */; };
		8227ADF72A84EAF200BCCA81 /* LawyerMessagingVC+ExtensionProtocol.swift in Sources */ = {isa = PBXBuildFile; fileRef = 8227ADF62A84EAF200BCCA81 /* LawyerMessagingVC+ExtensionProtocol.swift */; };
		8227ADF92A8507D500BCCA81 /* MessageReceiveFile.swift in Sources */ = {isa = PBXBuildFile; fileRef = 8227ADF82A8507D500BCCA81 /* MessageReceiveFile.swift */; };
		8227ADFD2A85090100BCCA81 /* loadingLottie.json in Resources */ = {isa = PBXBuildFile; fileRef = 8227ADFC2A85090100BCCA81 /* loadingLottie.json */; };
		8227AE002A85090B00BCCA81 /* LottieAnimationView.swift in Sources */ = {isa = PBXBuildFile; fileRef = 8227ADFE2A85090B00BCCA81 /* LottieAnimationView.swift */; };
		8227AE012A85090B00BCCA81 /* LottieAnimationView.xib in Resources */ = {isa = PBXBuildFile; fileRef = 8227ADFF2A85090B00BCCA81 /* LottieAnimationView.xib */; };
		8227AE032A850A6500BCCA81 /* UIImageView+Extension.swift in Sources */ = {isa = PBXBuildFile; fileRef = 8227AE022A850A6500BCCA81 /* UIImageView+Extension.swift */; };
		8227AE052A850A7B00BCCA81 /* UIImage+Extension.swift in Sources */ = {isa = PBXBuildFile; fileRef = 8227AE042A850A7B00BCCA81 /* UIImage+Extension.swift */; };
		8227AE072A850AD900BCCA81 /* Perqara.gif in Resources */ = {isa = PBXBuildFile; fileRef = 8227AE062A850AD900BCCA81 /* Perqara.gif */; };
		828579CA2A7B7323003A3D5A /* SocketConsultHelper+Lawyer+Extension.swift in Sources */ = {isa = PBXBuildFile; fileRef = 828579C42A7B7323003A3D5A /* SocketConsultHelper+Lawyer+Extension.swift */; };
		828579CB2A7B7323003A3D5A /* SocketHelper+Client+Extension.swift in Sources */ = {isa = PBXBuildFile; fileRef = 828579C52A7B7323003A3D5A /* SocketHelper+Client+Extension.swift */; };
		828579CC2A7B7323003A3D5A /* SocketConsultHelper.swift in Sources */ = {isa = PBXBuildFile; fileRef = 828579C62A7B7323003A3D5A /* SocketConsultHelper.swift */; };
		828579CD2A7B7323003A3D5A /* SocketConsultHelper+Client+Extension.swift in Sources */ = {isa = PBXBuildFile; fileRef = 828579C72A7B7323003A3D5A /* SocketConsultHelper+Client+Extension.swift */; };
		828579CE2A7B7323003A3D5A /* SocketHelper+Lawyer+Extension.swift in Sources */ = {isa = PBXBuildFile; fileRef = 828579C82A7B7323003A3D5A /* SocketHelper+Lawyer+Extension.swift */; };
		828579CF2A7B7323003A3D5A /* SocketHelper.swift in Sources */ = {isa = PBXBuildFile; fileRef = 828579C92A7B7323003A3D5A /* SocketHelper.swift */; };
		828579DE2A7C05E5003A3D5A /* ClientMessagingVC.swift in Sources */ = {isa = PBXBuildFile; fileRef = 828579DD2A7C05E5003A3D5A /* ClientMessagingVC.swift */; };
		828579E02A7C05EF003A3D5A /* ClientMessagingVM.swift in Sources */ = {isa = PBXBuildFile; fileRef = 828579DF2A7C05EF003A3D5A /* ClientMessagingVM.swift */; };
		828579E22A7C05FC003A3D5A /* LawyerMessagingVC.swift in Sources */ = {isa = PBXBuildFile; fileRef = 828579E12A7C05FC003A3D5A /* LawyerMessagingVC.swift */; };
		828579E42A7C0605003A3D5A /* LawyerMessagingVM.swift in Sources */ = {isa = PBXBuildFile; fileRef = 828579E32A7C0605003A3D5A /* LawyerMessagingVM.swift */; };
		828579E62A7C062B003A3D5A /* MainMessagingVC.swift in Sources */ = {isa = PBXBuildFile; fileRef = 828579E52A7C062B003A3D5A /* MainMessagingVC.swift */; };
		828579E82A7C0637003A3D5A /* MainMessagingVM.swift in Sources */ = {isa = PBXBuildFile; fileRef = 828579E72A7C0637003A3D5A /* MainMessagingVM.swift */; };
		828579EA2A7C064C003A3D5A /* MessagingRouter.swift in Sources */ = {isa = PBXBuildFile; fileRef = 828579E92A7C064C003A3D5A /* MessagingRouter.swift */; };
		828579ED2A7C06A4003A3D5A /* MessagingSend.swift in Sources */ = {isa = PBXBuildFile; fileRef = 828579EC2A7C06A4003A3D5A /* MessagingSend.swift */; };
		828579EF2A7C06B9003A3D5A /* MessagingReceive.swift in Sources */ = {isa = PBXBuildFile; fileRef = 828579EE2A7C06B9003A3D5A /* MessagingReceive.swift */; };
		828579FD2A7C0969003A3D5A /* ChatMessageToMeTVCell.swift in Sources */ = {isa = PBXBuildFile; fileRef = 828579FB2A7C0969003A3D5A /* ChatMessageToMeTVCell.swift */; };
		828579FE2A7C0969003A3D5A /* ChatMessageToMeTVCell.xib in Resources */ = {isa = PBXBuildFile; fileRef = 828579FC2A7C0969003A3D5A /* ChatMessageToMeTVCell.xib */; };
		82857A012A7C0978003A3D5A /* ChatMessageFromMeTVCell.xib in Resources */ = {isa = PBXBuildFile; fileRef = 828579FF2A7C0978003A3D5A /* ChatMessageFromMeTVCell.xib */; };
		82857A022A7C0978003A3D5A /* ChatMessageFromMeTVCell.swift in Sources */ = {isa = PBXBuildFile; fileRef = 82857A002A7C0978003A3D5A /* ChatMessageFromMeTVCell.swift */; };
		82857A052A7C0986003A3D5A /* PresenceChatMessageTVCell.xib in Resources */ = {isa = PBXBuildFile; fileRef = 82857A032A7C0986003A3D5A /* PresenceChatMessageTVCell.xib */; };
		82857A062A7C0986003A3D5A /* PresenceChatMessageTVCell.swift in Sources */ = {isa = PBXBuildFile; fileRef = 82857A042A7C0986003A3D5A /* PresenceChatMessageTVCell.swift */; };
		82857A092A7C099D003A3D5A /* AttachmentView.xib in Resources */ = {isa = PBXBuildFile; fileRef = 82857A072A7C099D003A3D5A /* AttachmentView.xib */; };
		82857A0A2A7C099D003A3D5A /* AttachmentView.swift in Sources */ = {isa = PBXBuildFile; fileRef = 82857A082A7C099D003A3D5A /* AttachmentView.swift */; };
		82857A0D2A7C09A7003A3D5A /* AttachConfrimView.xib in Resources */ = {isa = PBXBuildFile; fileRef = 82857A0B2A7C09A7003A3D5A /* AttachConfrimView.xib */; };
		82857A0E2A7C09A7003A3D5A /* AttachConfrimView.swift in Sources */ = {isa = PBXBuildFile; fileRef = 82857A0C2A7C09A7003A3D5A /* AttachConfrimView.swift */; };
		82857A152A7CA104003A3D5A /* UIButtonView.xib in Resources */ = {isa = PBXBuildFile; fileRef = 82857A132A7CA104003A3D5A /* UIButtonView.xib */; };
		82857A162A7CA104003A3D5A /* UIButtonView.swift in Sources */ = {isa = PBXBuildFile; fileRef = 82857A142A7CA104003A3D5A /* UIButtonView.swift */; };
		82857A182A7CA1C6003A3D5A /* ServiceUrl.swift in Sources */ = {isa = PBXBuildFile; fileRef = 82857A172A7CA1C6003A3D5A /* ServiceUrl.swift */; };
		82857A252A80C07A003A3D5A /* ChatAttachmentToMeTVCell.swift in Sources */ = {isa = PBXBuildFile; fileRef = 82857A232A80C07A003A3D5A /* ChatAttachmentToMeTVCell.swift */; };
		82857A262A80C07A003A3D5A /* ChatAttachmentToMeTVCell.xib in Resources */ = {isa = PBXBuildFile; fileRef = 82857A242A80C07A003A3D5A /* ChatAttachmentToMeTVCell.xib */; };
		82857A292A80C7C5003A3D5A /* ChatAttachmentFromMeTVCell.swift in Sources */ = {isa = PBXBuildFile; fileRef = 82857A272A80C7C5003A3D5A /* ChatAttachmentFromMeTVCell.swift */; };
		82857A2A2A80C7C5003A3D5A /* ChatAttachmentFromMeTVCell.xib in Resources */ = {isa = PBXBuildFile; fileRef = 82857A282A80C7C5003A3D5A /* ChatAttachmentFromMeTVCell.xib */; };
		82857A2C2A80CA35003A3D5A /* UIView+Extension.swift in Sources */ = {isa = PBXBuildFile; fileRef = 82857A2B2A80CA35003A3D5A /* UIView+Extension.swift */; };
		828F31AC2A80ED610025F2FA /* MessagingDataRouter.swift in Sources */ = {isa = PBXBuildFile; fileRef = 828F31AB2A80ED610025F2FA /* MessagingDataRouter.swift */; };
		828F31B02A81F4350025F2FA /* CameraPicker.swift in Sources */ = {isa = PBXBuildFile; fileRef = 828F31AF2A81F4350025F2FA /* CameraPicker.swift */; };
		828F31B32A81F4660025F2FA /* GaleryPicker.swift in Sources */ = {isa = PBXBuildFile; fileRef = 828F31B22A81F4660025F2FA /* GaleryPicker.swift */; };
		828F31B62A81F4B10025F2FA /* DocumentPicker.swift in Sources */ = {isa = PBXBuildFile; fileRef = 828F31B52A81F4B10025F2FA /* DocumentPicker.swift */; };
		828F31BA2A81F8630025F2FA /* MessageSendFile.swift in Sources */ = {isa = PBXBuildFile; fileRef = 828F31B92A81F8630025F2FA /* MessageSendFile.swift */; };
		828F31BC2A81F9A80025F2FA /* MessagingService.swift in Sources */ = {isa = PBXBuildFile; fileRef = 828F31BB2A81F9A80025F2FA /* MessagingService.swift */; };
		828F31BE2A8218DD0025F2FA /* MessagingServiceUrl.swift in Sources */ = {isa = PBXBuildFile; fileRef = 828F31BD2A8218DD0025F2FA /* MessagingServiceUrl.swift */; };
		828F31C22A8219B60025F2FA /* RestHelper.swift in Sources */ = {isa = PBXBuildFile; fileRef = 828F31C12A8219B60025F2FA /* RestHelper.swift */; };
		82A2943A2A1B5D010064CEF4 /* AppDelegate.swift in Sources */ = {isa = PBXBuildFile; fileRef = 82A294392A1B5D010064CEF4 /* AppDelegate.swift */; };
		82A2943C2A1B5D010064CEF4 /* SceneDelegate.swift in Sources */ = {isa = PBXBuildFile; fileRef = 82A2943B2A1B5D010064CEF4 /* SceneDelegate.swift */; };
		82A2943E2A1B5D010064CEF4 /* ViewController.swift in Sources */ = {isa = PBXBuildFile; fileRef = 82A2943D2A1B5D010064CEF4 /* ViewController.swift */; };
		82A294412A1B5D010064CEF4 /* Main.storyboard in Resources */ = {isa = PBXBuildFile; fileRef = 82A2943F2A1B5D010064CEF4 /* Main.storyboard */; };
		82A294432A1B5D020064CEF4 /* Messaging.xcassets in Resources */ = {isa = PBXBuildFile; fileRef = 82A294422A1B5D020064CEF4 /* Messaging.xcassets */; };
		82A294462A1B5D020064CEF4 /* LaunchScreen.storyboard in Resources */ = {isa = PBXBuildFile; fileRef = 82A294442A1B5D020064CEF4 /* LaunchScreen.storyboard */; };
/* End PBXBuildFile section */

/* Begin PBXFileReference section */
		8227ADD22A83426300BCCA81 /* UIViewController+extension.swift */ = {isa = PBXFileReference; lastKnownFileType = sourcecode.swift; path = "UIViewController+extension.swift"; sourceTree = "<group>"; };
		8227ADD72A838F5100BCCA81 /* Date+Extension.swift */ = {isa = PBXFileReference; lastKnownFileType = sourcecode.swift; path = "Date+Extension.swift"; sourceTree = "<group>"; };
		8227ADD92A83B3CA00BCCA81 /* ClientMessagingVC+ExtensionTableView.swift */ = {isa = PBXFileReference; lastKnownFileType = sourcecode.swift; path = "ClientMessagingVC+ExtensionTableView.swift"; sourceTree = "<group>"; };
		8227ADE02A84D55400BCCA81 /* ErrResp.swift */ = {isa = PBXFileReference; lastKnownFileType = sourcecode.swift; path = ErrResp.swift; sourceTree = "<group>"; };
		8227ADE22A84DEB400BCCA81 /* LawyerMessagingVC+ExtensionTableView.swift */ = {isa = PBXFileReference; lastKnownFileType = sourcecode.swift; path = "LawyerMessagingVC+ExtensionTableView.swift"; sourceTree = "<group>"; };
		8227ADE42A84DFD500BCCA81 /* ClientMessagingVC+ExtensionProtocol.swift */ = {isa = PBXFileReference; lastKnownFileType = sourcecode.swift; path = "ClientMessagingVC+ExtensionProtocol.swift"; sourceTree = "<group>"; };
		8227ADE72A84E24500BCCA81 /* LoadingStateView.swift */ = {isa = PBXFileReference; fileEncoding = 4; lastKnownFileType = sourcecode.swift; path = LoadingStateView.swift; sourceTree = "<group>"; };
		8227ADE82A84E24500BCCA81 /* LoadingStateView.xib */ = {isa = PBXFileReference; fileEncoding = 4; lastKnownFileType = file.xib; path = LoadingStateView.xib; sourceTree = "<group>"; };
		8227ADEF2A84E69400BCCA81 /* Alert.swift */ = {isa = PBXFileReference; lastKnownFileType = sourcecode.swift; path = Alert.swift; sourceTree = "<group>"; };
		8227ADF12A84E6E500BCCA81 /* AlertInfo.swift */ = {isa = PBXFileReference; lastKnownFileType = sourcecode.swift; path = AlertInfo.swift; sourceTree = "<group>"; };
		8227ADF32A84E77300BCCA81 /* UIApplication+Extension.swift */ = {isa = PBXFileReference; lastKnownFileType = sourcecode.swift; path = "UIApplication+Extension.swift"; sourceTree = "<group>"; };
		8227ADF62A84EAF200BCCA81 /* LawyerMessagingVC+ExtensionProtocol.swift */ = {isa = PBXFileReference; lastKnownFileType = sourcecode.swift; path = "LawyerMessagingVC+ExtensionProtocol.swift"; sourceTree = "<group>"; };
		8227ADF82A8507D500BCCA81 /* MessageReceiveFile.swift */ = {isa = PBXFileReference; lastKnownFileType = sourcecode.swift; path = MessageReceiveFile.swift; sourceTree = "<group>"; };
		8227ADFC2A85090100BCCA81 /* loadingLottie.json */ = {isa = PBXFileReference; fileEncoding = 4; lastKnownFileType = text.json; path = loadingLottie.json; sourceTree = "<group>"; };
		8227ADFE2A85090B00BCCA81 /* LottieAnimationView.swift */ = {isa = PBXFileReference; fileEncoding = 4; lastKnownFileType = sourcecode.swift; path = LottieAnimationView.swift; sourceTree = "<group>"; };
		8227ADFF2A85090B00BCCA81 /* LottieAnimationView.xib */ = {isa = PBXFileReference; fileEncoding = 4; lastKnownFileType = file.xib; path = LottieAnimationView.xib; sourceTree = "<group>"; };
		8227AE022A850A6500BCCA81 /* UIImageView+Extension.swift */ = {isa = PBXFileReference; lastKnownFileType = sourcecode.swift; path = "UIImageView+Extension.swift"; sourceTree = "<group>"; };
		8227AE042A850A7B00BCCA81 /* UIImage+Extension.swift */ = {isa = PBXFileReference; lastKnownFileType = sourcecode.swift; path = "UIImage+Extension.swift"; sourceTree = "<group>"; };
		8227AE062A850AD900BCCA81 /* Perqara.gif */ = {isa = PBXFileReference; lastKnownFileType = image.gif; path = Perqara.gif; sourceTree = "<group>"; };
		828579C42A7B7323003A3D5A /* SocketConsultHelper+Lawyer+Extension.swift */ = {isa = PBXFileReference; fileEncoding = 4; lastKnownFileType = sourcecode.swift; path = "SocketConsultHelper+Lawyer+Extension.swift"; sourceTree = "<group>"; };
		828579C52A7B7323003A3D5A /* SocketHelper+Client+Extension.swift */ = {isa = PBXFileReference; fileEncoding = 4; lastKnownFileType = sourcecode.swift; path = "SocketHelper+Client+Extension.swift"; sourceTree = "<group>"; };
		828579C62A7B7323003A3D5A /* SocketConsultHelper.swift */ = {isa = PBXFileReference; fileEncoding = 4; lastKnownFileType = sourcecode.swift; path = SocketConsultHelper.swift; sourceTree = "<group>"; };
		828579C72A7B7323003A3D5A /* SocketConsultHelper+Client+Extension.swift */ = {isa = PBXFileReference; fileEncoding = 4; lastKnownFileType = sourcecode.swift; path = "SocketConsultHelper+Client+Extension.swift"; sourceTree = "<group>"; };
		828579C82A7B7323003A3D5A /* SocketHelper+Lawyer+Extension.swift */ = {isa = PBXFileReference; fileEncoding = 4; lastKnownFileType = sourcecode.swift; path = "SocketHelper+Lawyer+Extension.swift"; sourceTree = "<group>"; };
		828579C92A7B7323003A3D5A /* SocketHelper.swift */ = {isa = PBXFileReference; fileEncoding = 4; lastKnownFileType = sourcecode.swift; path = SocketHelper.swift; sourceTree = "<group>"; };
		828579DD2A7C05E5003A3D5A /* ClientMessagingVC.swift */ = {isa = PBXFileReference; lastKnownFileType = sourcecode.swift; path = ClientMessagingVC.swift; sourceTree = "<group>"; };
		828579DF2A7C05EF003A3D5A /* ClientMessagingVM.swift */ = {isa = PBXFileReference; lastKnownFileType = sourcecode.swift; path = ClientMessagingVM.swift; sourceTree = "<group>"; };
		828579E12A7C05FC003A3D5A /* LawyerMessagingVC.swift */ = {isa = PBXFileReference; lastKnownFileType = sourcecode.swift; path = LawyerMessagingVC.swift; sourceTree = "<group>"; };
		828579E32A7C0605003A3D5A /* LawyerMessagingVM.swift */ = {isa = PBXFileReference; lastKnownFileType = sourcecode.swift; path = LawyerMessagingVM.swift; sourceTree = "<group>"; };
		828579E52A7C062B003A3D5A /* MainMessagingVC.swift */ = {isa = PBXFileReference; lastKnownFileType = sourcecode.swift; path = MainMessagingVC.swift; sourceTree = "<group>"; };
		828579E72A7C0637003A3D5A /* MainMessagingVM.swift */ = {isa = PBXFileReference; lastKnownFileType = sourcecode.swift; path = MainMessagingVM.swift; sourceTree = "<group>"; };
		828579E92A7C064C003A3D5A /* MessagingRouter.swift */ = {isa = PBXFileReference; lastKnownFileType = sourcecode.swift; path = MessagingRouter.swift; sourceTree = "<group>"; };
		828579EC2A7C06A4003A3D5A /* MessagingSend.swift */ = {isa = PBXFileReference; lastKnownFileType = sourcecode.swift; path = MessagingSend.swift; sourceTree = "<group>"; };
		828579EE2A7C06B9003A3D5A /* MessagingReceive.swift */ = {isa = PBXFileReference; lastKnownFileType = sourcecode.swift; path = MessagingReceive.swift; sourceTree = "<group>"; };
		828579FB2A7C0969003A3D5A /* ChatMessageToMeTVCell.swift */ = {isa = PBXFileReference; fileEncoding = 4; lastKnownFileType = sourcecode.swift; path = ChatMessageToMeTVCell.swift; sourceTree = "<group>"; };
		828579FC2A7C0969003A3D5A /* ChatMessageToMeTVCell.xib */ = {isa = PBXFileReference; fileEncoding = 4; lastKnownFileType = file.xib; path = ChatMessageToMeTVCell.xib; sourceTree = "<group>"; };
		828579FF2A7C0978003A3D5A /* ChatMessageFromMeTVCell.xib */ = {isa = PBXFileReference; fileEncoding = 4; lastKnownFileType = file.xib; path = ChatMessageFromMeTVCell.xib; sourceTree = "<group>"; };
		82857A002A7C0978003A3D5A /* ChatMessageFromMeTVCell.swift */ = {isa = PBXFileReference; fileEncoding = 4; lastKnownFileType = sourcecode.swift; path = ChatMessageFromMeTVCell.swift; sourceTree = "<group>"; };
		82857A032A7C0986003A3D5A /* PresenceChatMessageTVCell.xib */ = {isa = PBXFileReference; fileEncoding = 4; lastKnownFileType = file.xib; path = PresenceChatMessageTVCell.xib; sourceTree = "<group>"; };
		82857A042A7C0986003A3D5A /* PresenceChatMessageTVCell.swift */ = {isa = PBXFileReference; fileEncoding = 4; lastKnownFileType = sourcecode.swift; path = PresenceChatMessageTVCell.swift; sourceTree = "<group>"; };
		82857A072A7C099D003A3D5A /* AttachmentView.xib */ = {isa = PBXFileReference; fileEncoding = 4; lastKnownFileType = file.xib; path = AttachmentView.xib; sourceTree = "<group>"; };
		82857A082A7C099D003A3D5A /* AttachmentView.swift */ = {isa = PBXFileReference; fileEncoding = 4; lastKnownFileType = sourcecode.swift; path = AttachmentView.swift; sourceTree = "<group>"; };
		82857A0B2A7C09A7003A3D5A /* AttachConfrimView.xib */ = {isa = PBXFileReference; fileEncoding = 4; lastKnownFileType = file.xib; path = AttachConfrimView.xib; sourceTree = "<group>"; };
		82857A0C2A7C09A7003A3D5A /* AttachConfrimView.swift */ = {isa = PBXFileReference; fileEncoding = 4; lastKnownFileType = sourcecode.swift; path = AttachConfrimView.swift; sourceTree = "<group>"; };
		82857A132A7CA104003A3D5A /* UIButtonView.xib */ = {isa = PBXFileReference; fileEncoding = 4; lastKnownFileType = file.xib; path = UIButtonView.xib; sourceTree = "<group>"; };
		82857A142A7CA104003A3D5A /* UIButtonView.swift */ = {isa = PBXFileReference; fileEncoding = 4; lastKnownFileType = sourcecode.swift; path = UIButtonView.swift; sourceTree = "<group>"; };
		82857A172A7CA1C6003A3D5A /* ServiceUrl.swift */ = {isa = PBXFileReference; lastKnownFileType = sourcecode.swift; path = ServiceUrl.swift; sourceTree = "<group>"; };
		82857A232A80C07A003A3D5A /* ChatAttachmentToMeTVCell.swift */ = {isa = PBXFileReference; fileEncoding = 4; lastKnownFileType = sourcecode.swift; path = ChatAttachmentToMeTVCell.swift; sourceTree = "<group>"; };
		82857A242A80C07A003A3D5A /* ChatAttachmentToMeTVCell.xib */ = {isa = PBXFileReference; fileEncoding = 4; lastKnownFileType = file.xib; path = ChatAttachmentToMeTVCell.xib; sourceTree = "<group>"; };
		82857A272A80C7C5003A3D5A /* ChatAttachmentFromMeTVCell.swift */ = {isa = PBXFileReference; fileEncoding = 4; lastKnownFileType = sourcecode.swift; path = ChatAttachmentFromMeTVCell.swift; sourceTree = "<group>"; };
		82857A282A80C7C5003A3D5A /* ChatAttachmentFromMeTVCell.xib */ = {isa = PBXFileReference; fileEncoding = 4; lastKnownFileType = file.xib; path = ChatAttachmentFromMeTVCell.xib; sourceTree = "<group>"; };
		82857A2B2A80CA35003A3D5A /* UIView+Extension.swift */ = {isa = PBXFileReference; lastKnownFileType = sourcecode.swift; path = "UIView+Extension.swift"; sourceTree = "<group>"; };
		828F31AB2A80ED610025F2FA /* MessagingDataRouter.swift */ = {isa = PBXFileReference; lastKnownFileType = sourcecode.swift; path = MessagingDataRouter.swift; sourceTree = "<group>"; };
		828F31AF2A81F4350025F2FA /* CameraPicker.swift */ = {isa = PBXFileReference; lastKnownFileType = sourcecode.swift; path = CameraPicker.swift; sourceTree = "<group>"; };
		828F31B22A81F4660025F2FA /* GaleryPicker.swift */ = {isa = PBXFileReference; lastKnownFileType = sourcecode.swift; path = GaleryPicker.swift; sourceTree = "<group>"; };
		828F31B52A81F4B10025F2FA /* DocumentPicker.swift */ = {isa = PBXFileReference; lastKnownFileType = sourcecode.swift; path = DocumentPicker.swift; sourceTree = "<group>"; };
		828F31B92A81F8630025F2FA /* MessageSendFile.swift */ = {isa = PBXFileReference; lastKnownFileType = sourcecode.swift; path = MessageSendFile.swift; sourceTree = "<group>"; };
		828F31BB2A81F9A80025F2FA /* MessagingService.swift */ = {isa = PBXFileReference; lastKnownFileType = sourcecode.swift; path = MessagingService.swift; sourceTree = "<group>"; };
		828F31BD2A8218DD0025F2FA /* MessagingServiceUrl.swift */ = {isa = PBXFileReference; lastKnownFileType = sourcecode.swift; path = MessagingServiceUrl.swift; sourceTree = "<group>"; };
		828F31C12A8219B60025F2FA /* RestHelper.swift */ = {isa = PBXFileReference; lastKnownFileType = sourcecode.swift; path = RestHelper.swift; sourceTree = "<group>"; };
		82A294362A1B5D010064CEF4 /* TesterAbly.app */ = {isa = PBXFileReference; explicitFileType = wrapper.application; includeInIndex = 0; path = TesterAbly.app; sourceTree = BUILT_PRODUCTS_DIR; };
		82A294392A1B5D010064CEF4 /* AppDelegate.swift */ = {isa = PBXFileReference; lastKnownFileType = sourcecode.swift; path = AppDelegate.swift; sourceTree = "<group>"; };
		82A2943B2A1B5D010064CEF4 /* SceneDelegate.swift */ = {isa = PBXFileReference; lastKnownFileType = sourcecode.swift; path = SceneDelegate.swift; sourceTree = "<group>"; };
		82A2943D2A1B5D010064CEF4 /* ViewController.swift */ = {isa = PBXFileReference; lastKnownFileType = sourcecode.swift; path = ViewController.swift; sourceTree = "<group>"; };
		82A294402A1B5D010064CEF4 /* Base */ = {isa = PBXFileReference; lastKnownFileType = file.storyboard; name = Base; path = Base.lproj/Main.storyboard; sourceTree = "<group>"; };
		82A294422A1B5D020064CEF4 /* Messaging.xcassets */ = {isa = PBXFileReference; lastKnownFileType = folder.assetcatalog; path = Messaging.xcassets; sourceTree = "<group>"; };
		82A294452A1B5D020064CEF4 /* Base */ = {isa = PBXFileReference; lastKnownFileType = file.storyboard; name = Base; path = Base.lproj/LaunchScreen.storyboard; sourceTree = "<group>"; };
		82A294472A1B5D020064CEF4 /* Info.plist */ = {isa = PBXFileReference; lastKnownFileType = text.plist.xml; path = Info.plist; sourceTree = "<group>"; };
/* End PBXFileReference section */

/* Begin PBXFrameworksBuildPhase section */
		82A294332A1B5D010064CEF4 /* Frameworks */ = {
			isa = PBXFrameworksBuildPhase;
			buildActionMask = 2147483647;
			files = (
				8227ADED2A84E4E300BCCA81 /* Lottie in Frameworks */,
				8227ADDD2A83FDDB00BCCA81 /* SDWebImage in Frameworks */,
				8227ADCD2A8235A100BCCA81 /* SocketIO in Frameworks */,
				8227ADDF2A83FDDB00BCCA81 /* SDWebImageMapKit in Frameworks */,
				8227ADD02A8235DF00BCCA81 /* Alamofire in Frameworks */,
			);
			runOnlyForDeploymentPostprocessing = 0;
		};
/* End PBXFrameworksBuildPhase section */

/* Begin PBXGroup section */
		8227ADE62A84E21700BCCA81 /* LoadingStateView */ = {
			isa = PBXGroup;
			children = (
				8227ADE82A84E24500BCCA81 /* LoadingStateView.xib */,
				8227ADE72A84E24500BCCA81 /* LoadingStateView.swift */,
			);
			path = LoadingStateView;
			sourceTree = "<group>";
		};
		8227ADEE2A84E68A00BCCA81 /* Alert */ = {
			isa = PBXGroup;
			children = (
				8227ADEF2A84E69400BCCA81 /* Alert.swift */,
				8227ADF12A84E6E500BCCA81 /* AlertInfo.swift */,
			);
			path = Alert;
			sourceTree = "<group>";
		};
		8227ADF52A84E78900BCCA81 /* Extension */ = {
			isa = PBXGroup;
			children = (
				8227ADD72A838F5100BCCA81 /* Date+Extension.swift */,
				82857A2B2A80CA35003A3D5A /* UIView+Extension.swift */,
				8227ADF32A84E77300BCCA81 /* UIApplication+Extension.swift */,
				8227ADD22A83426300BCCA81 /* UIViewController+extension.swift */,
				8227AE022A850A6500BCCA81 /* UIImageView+Extension.swift */,
				8227AE042A850A7B00BCCA81 /* UIImage+Extension.swift */,
			);
			path = Extension;
			sourceTree = "<group>";
		};
		8227ADFA2A85089C00BCCA81 /* LottieView */ = {
			isa = PBXGroup;
			children = (
				8227ADFE2A85090B00BCCA81 /* LottieAnimationView.swift */,
				8227ADFF2A85090B00BCCA81 /* LottieAnimationView.xib */,
				8227ADFB2A8508A900BCCA81 /* LottieAssets */,
			);
			path = LottieView;
			sourceTree = "<group>";
		};
		8227ADFB2A8508A900BCCA81 /* LottieAssets */ = {
			isa = PBXGroup;
			children = (
				8227ADFC2A85090100BCCA81 /* loadingLottie.json */,
			);
			path = LottieAssets;
			sourceTree = "<group>";
		};
		828579C32A7B7217003A3D5A /* Helper */ = {
			isa = PBXGroup;
			children = (
				828F31C02A82198F0025F2FA /* RestHelper */,
				828F31BF2A82197B0025F2FA /* SocketHelper */,
			);
			path = Helper;
			sourceTree = "<group>";
		};
		828579D02A7B9C26003A3D5A /* Service */ = {
			isa = PBXGroup;
			children = (
				828579EB2A7C0661003A3D5A /* Model */,
				82857A172A7CA1C6003A3D5A /* ServiceUrl.swift */,
				828F31BB2A81F9A80025F2FA /* MessagingService.swift */,
				828F31BD2A8218DD0025F2FA /* MessagingServiceUrl.swift */,
			);
			path = Service;
			sourceTree = "<group>";
		};
		828579D12A7B9C3E003A3D5A /* Scene */ = {
			isa = PBXGroup;
			children = (
				828579D62A7B9D5D003A3D5A /* Reusable-Component */,
				828579DA2A7C0509003A3D5A /* UI */,
				828579D72A7B9D71003A3D5A /* MainMessaging */,
				828579D92A7B9D99003A3D5A /* ClientMessaging */,
				828579D82A7B9D8E003A3D5A /* LawyerMessaging */,
			);
			path = Scene;
			sourceTree = "<group>";
		};
		828579D22A7B9CC1003A3D5A /* Router */ = {
			isa = PBXGroup;
			children = (
				828F31A92A80ED370025F2FA /* Model */,
				828579E92A7C064C003A3D5A /* MessagingRouter.swift */,
			);
			path = Router;
			sourceTree = "<group>";
		};
		828579D62A7B9D5D003A3D5A /* Reusable-Component */ = {
			isa = PBXGroup;
			children = (
				828579F52A7C0811003A3D5A /* UIView */,
				828579F42A7C0804003A3D5A /* UITableViewCell */,
			);
			path = "Reusable-Component";
			sourceTree = "<group>";
		};
		828579D72A7B9D71003A3D5A /* MainMessaging */ = {
			isa = PBXGroup;
			children = (
				828579E52A7C062B003A3D5A /* MainMessagingVC.swift */,
				828579E72A7C0637003A3D5A /* MainMessagingVM.swift */,
			);
			path = MainMessaging;
			sourceTree = "<group>";
		};
		828579D82A7B9D8E003A3D5A /* LawyerMessaging */ = {
			isa = PBXGroup;
			children = (
				828579E12A7C05FC003A3D5A /* LawyerMessagingVC.swift */,
				8227ADF62A84EAF200BCCA81 /* LawyerMessagingVC+ExtensionProtocol.swift */,
				8227ADE22A84DEB400BCCA81 /* LawyerMessagingVC+ExtensionTableView.swift */,
				828579E32A7C0605003A3D5A /* LawyerMessagingVM.swift */,
			);
			path = LawyerMessaging;
			sourceTree = "<group>";
		};
		828579D92A7B9D99003A3D5A /* ClientMessaging */ = {
			isa = PBXGroup;
			children = (
				828579DD2A7C05E5003A3D5A /* ClientMessagingVC.swift */,
				8227ADE42A84DFD500BCCA81 /* ClientMessagingVC+ExtensionProtocol.swift */,
				8227ADD92A83B3CA00BCCA81 /* ClientMessagingVC+ExtensionTableView.swift */,
				828579DF2A7C05EF003A3D5A /* ClientMessagingVM.swift */,
			);
			path = ClientMessaging;
			sourceTree = "<group>";
		};
		828579DA2A7C0509003A3D5A /* UI */ = {
			isa = PBXGroup;
			children = (
				828579DB2A7C0518003A3D5A /* StroyBoard */,
				828579DC2A7C0587003A3D5A /* ViewControllerScene */,
			);
			path = UI;
			sourceTree = "<group>";
		};
		828579DB2A7C0518003A3D5A /* StroyBoard */ = {
			isa = PBXGroup;
			children = (
				82A294442A1B5D020064CEF4 /* LaunchScreen.storyboard */,
				82A2943F2A1B5D010064CEF4 /* Main.storyboard */,
			);
			path = StroyBoard;
			sourceTree = "<group>";
		};
		828579DC2A7C0587003A3D5A /* ViewControllerScene */ = {
			isa = PBXGroup;
			children = (
			);
			path = ViewControllerScene;
			sourceTree = "<group>";
		};
		828579EB2A7C0661003A3D5A /* Model */ = {
			isa = PBXGroup;
			children = (
				828579EC2A7C06A4003A3D5A /* MessagingSend.swift */,
				828579EE2A7C06B9003A3D5A /* MessagingReceive.swift */,
				828F31B92A81F8630025F2FA /* MessageSendFile.swift */,
				8227ADF82A8507D500BCCA81 /* MessageReceiveFile.swift */,
				8227ADE02A84D55400BCCA81 /* ErrResp.swift */,
			);
			path = Model;
			sourceTree = "<group>";
		};
		828579F42A7C0804003A3D5A /* UITableViewCell */ = {
			isa = PBXGroup;
			children = (
				82857A192A7CC3BC003A3D5A /* ChatAttachmentToMeTVCell */,
				82857A1A2A7CC3D9003A3D5A /* ChatAttachmentfromMeTVCell */,
				828579F92A7C088C003A3D5A /* ChatMessageToMeTVCell */,
				828579FA2A7C0896003A3D5A /* ChatMessageFromMeTVCell */,
				828579F82A7C0881003A3D5A /* PresenceChatMessageTVCell */,
			);
			path = UITableViewCell;
			sourceTree = "<group>";
		};
		828579F52A7C0811003A3D5A /* UIView */ = {
			isa = PBXGroup;
			children = (
				8227ADFA2A85089C00BCCA81 /* LottieView */,
				8227ADE62A84E21700BCCA81 /* LoadingStateView */,
				82857A122A7CA0E6003A3D5A /* ButtonView */,
				828579F72A7C0830003A3D5A /* AttachmentView */,
				828579F62A7C081F003A3D5A /* AttachConfrimView */,
			);
			path = UIView;
			sourceTree = "<group>";
		};
		828579F62A7C081F003A3D5A /* AttachConfrimView */ = {
			isa = PBXGroup;
			children = (
				82857A0C2A7C09A7003A3D5A /* AttachConfrimView.swift */,
				82857A0B2A7C09A7003A3D5A /* AttachConfrimView.xib */,
			);
			path = AttachConfrimView;
			sourceTree = "<group>";
		};
		828579F72A7C0830003A3D5A /* AttachmentView */ = {
			isa = PBXGroup;
			children = (
				82857A082A7C099D003A3D5A /* AttachmentView.swift */,
				82857A072A7C099D003A3D5A /* AttachmentView.xib */,
			);
			path = AttachmentView;
			sourceTree = "<group>";
		};
		828579F82A7C0881003A3D5A /* PresenceChatMessageTVCell */ = {
			isa = PBXGroup;
			children = (
				82857A032A7C0986003A3D5A /* PresenceChatMessageTVCell.xib */,
				82857A042A7C0986003A3D5A /* PresenceChatMessageTVCell.swift */,
			);
			path = PresenceChatMessageTVCell;
			sourceTree = "<group>";
		};
		828579F92A7C088C003A3D5A /* ChatMessageToMeTVCell */ = {
			isa = PBXGroup;
			children = (
				828579FC2A7C0969003A3D5A /* ChatMessageToMeTVCell.xib */,
				828579FB2A7C0969003A3D5A /* ChatMessageToMeTVCell.swift */,
			);
			path = ChatMessageToMeTVCell;
			sourceTree = "<group>";
		};
		828579FA2A7C0896003A3D5A /* ChatMessageFromMeTVCell */ = {
			isa = PBXGroup;
			children = (
				828579FF2A7C0978003A3D5A /* ChatMessageFromMeTVCell.xib */,
				82857A002A7C0978003A3D5A /* ChatMessageFromMeTVCell.swift */,
			);
			path = ChatMessageFromMeTVCell;
			sourceTree = "<group>";
		};
		82857A122A7CA0E6003A3D5A /* ButtonView */ = {
			isa = PBXGroup;
			children = (
				82857A142A7CA104003A3D5A /* UIButtonView.swift */,
				82857A132A7CA104003A3D5A /* UIButtonView.xib */,
			);
			path = ButtonView;
			sourceTree = "<group>";
		};
		82857A192A7CC3BC003A3D5A /* ChatAttachmentToMeTVCell */ = {
			isa = PBXGroup;
			children = (
				82857A242A80C07A003A3D5A /* ChatAttachmentToMeTVCell.xib */,
				82857A232A80C07A003A3D5A /* ChatAttachmentToMeTVCell.swift */,
			);
			path = ChatAttachmentToMeTVCell;
			sourceTree = "<group>";
		};
		82857A1A2A7CC3D9003A3D5A /* ChatAttachmentfromMeTVCell */ = {
			isa = PBXGroup;
			children = (
				82857A282A80C7C5003A3D5A /* ChatAttachmentFromMeTVCell.xib */,
				82857A272A80C7C5003A3D5A /* ChatAttachmentFromMeTVCell.swift */,
			);
			path = ChatAttachmentfromMeTVCell;
			sourceTree = "<group>";
		};
		828F31A92A80ED370025F2FA /* Model */ = {
			isa = PBXGroup;
			children = (
				828F31AB2A80ED610025F2FA /* MessagingDataRouter.swift */,
			);
			path = Model;
			sourceTree = "<group>";
		};
		828F31AD2A81F37C0025F2FA /* Libary */ = {
			isa = PBXGroup;
			children = (
				8227ADF52A84E78900BCCA81 /* Extension */,
				8227ADEE2A84E68A00BCCA81 /* Alert */,
				828F31B42A81F48D0025F2FA /* DocumentPicker */,
				828F31B12A81F45C0025F2FA /* GaleryPicker */,
				828F31AE2A81F4250025F2FA /* CameraPicker */,
			);
			path = Libary;
			sourceTree = "<group>";
		};
		828F31AE2A81F4250025F2FA /* CameraPicker */ = {
			isa = PBXGroup;
			children = (
				828F31AF2A81F4350025F2FA /* CameraPicker.swift */,
			);
			path = CameraPicker;
			sourceTree = "<group>";
		};
		828F31B12A81F45C0025F2FA /* GaleryPicker */ = {
			isa = PBXGroup;
			children = (
				828F31B22A81F4660025F2FA /* GaleryPicker.swift */,
			);
			path = GaleryPicker;
			sourceTree = "<group>";
		};
		828F31B42A81F48D0025F2FA /* DocumentPicker */ = {
			isa = PBXGroup;
			children = (
				828F31B52A81F4B10025F2FA /* DocumentPicker.swift */,
			);
			path = DocumentPicker;
			sourceTree = "<group>";
		};
		828F31BF2A82197B0025F2FA /* SocketHelper */ = {
			isa = PBXGroup;
			children = (
				828579C62A7B7323003A3D5A /* SocketConsultHelper.swift */,
				828579C72A7B7323003A3D5A /* SocketConsultHelper+Client+Extension.swift */,
				828579C42A7B7323003A3D5A /* SocketConsultHelper+Lawyer+Extension.swift */,
				828579C92A7B7323003A3D5A /* SocketHelper.swift */,
				828579C52A7B7323003A3D5A /* SocketHelper+Client+Extension.swift */,
				828579C82A7B7323003A3D5A /* SocketHelper+Lawyer+Extension.swift */,
			);
			path = SocketHelper;
			sourceTree = "<group>";
		};
		828F31C02A82198F0025F2FA /* RestHelper */ = {
			isa = PBXGroup;
			children = (
				828F31C12A8219B60025F2FA /* RestHelper.swift */,
			);
			path = RestHelper;
			sourceTree = "<group>";
		};
		82A2942D2A1B5D010064CEF4 = {
			isa = PBXGroup;
			children = (
				82A294382A1B5D010064CEF4 /* TesterAbly */,
				82A294372A1B5D010064CEF4 /* Products */,
			);
			sourceTree = "<group>";
		};
		82A294372A1B5D010064CEF4 /* Products */ = {
			isa = PBXGroup;
			children = (
				82A294362A1B5D010064CEF4 /* TesterAbly.app */,
			);
			name = Products;
			sourceTree = "<group>";
		};
		82A294382A1B5D010064CEF4 /* TesterAbly */ = {
			isa = PBXGroup;
			children = (
				82A294422A1B5D020064CEF4 /* Messaging.xcassets */,
				828F31AD2A81F37C0025F2FA /* Libary */,
				828579D22A7B9CC1003A3D5A /* Router */,
				828579C32A7B7217003A3D5A /* Helper */,
				828579D02A7B9C26003A3D5A /* Service */,
				828579D12A7B9C3E003A3D5A /* Scene */,
				82A294392A1B5D010064CEF4 /* AppDelegate.swift */,
				82A2943B2A1B5D010064CEF4 /* SceneDelegate.swift */,
				82A2943D2A1B5D010064CEF4 /* ViewController.swift */,
				82A294472A1B5D020064CEF4 /* Info.plist */,
				8227AE062A850AD900BCCA81 /* Perqara.gif */,
			);
			path = TesterAbly;
			sourceTree = "<group>";
		};
/* End PBXGroup section */

/* Begin PBXNativeTarget section */
		82A294352A1B5D010064CEF4 /* TesterAbly */ = {
			isa = PBXNativeTarget;
			buildConfigurationList = 82A2944A2A1B5D020064CEF4 /* Build configuration list for PBXNativeTarget "TesterAbly" */;
			buildPhases = (
				82A294322A1B5D010064CEF4 /* Sources */,
				82A294332A1B5D010064CEF4 /* Frameworks */,
				82A294342A1B5D010064CEF4 /* Resources */,
			);
			buildRules = (
			);
			dependencies = (
			);
			name = TesterAbly;
			packageProductDependencies = (
				8227ADCC2A8235A100BCCA81 /* SocketIO */,
				8227ADCF2A8235DF00BCCA81 /* Alamofire */,
				8227ADDC2A83FDDB00BCCA81 /* SDWebImage */,
				8227ADDE2A83FDDB00BCCA81 /* SDWebImageMapKit */,
				8227ADEC2A84E4E300BCCA81 /* Lottie */,
			);
			productName = TesterAbly;
			productReference = 82A294362A1B5D010064CEF4 /* TesterAbly.app */;
			productType = "com.apple.product-type.application";
		};
/* End PBXNativeTarget section */

/* Begin PBXProject section */
		82A2942E2A1B5D010064CEF4 /* Project object */ = {
			isa = PBXProject;
			attributes = {
				BuildIndependentTargetsInParallel = 1;
				LastSwiftUpdateCheck = 1420;
				LastUpgradeCheck = 1420;
				TargetAttributes = {
					82A294352A1B5D010064CEF4 = {
						CreatedOnToolsVersion = 14.2;
					};
				};
			};
			buildConfigurationList = 82A294312A1B5D010064CEF4 /* Build configuration list for PBXProject "TesterAbly" */;
			compatibilityVersion = "Xcode 14.0";
			developmentRegion = en;
			hasScannedForEncodings = 0;
			knownRegions = (
				en,
				Base,
			);
			mainGroup = 82A2942D2A1B5D010064CEF4;
			packageReferences = (
				8227ADCB2A8235A100BCCA81 /* XCRemoteSwiftPackageReference "socket" */,
				8227ADCE2A8235DF00BCCA81 /* XCRemoteSwiftPackageReference "Alamofire" */,
				8227ADDB2A83FDDB00BCCA81 /* XCRemoteSwiftPackageReference "SDWebImage" */,
				8227ADEB2A84E4E300BCCA81 /* XCRemoteSwiftPackageReference "lottie-ios" */,
			);
			productRefGroup = 82A294372A1B5D010064CEF4 /* Products */;
			projectDirPath = "";
			projectRoot = "";
			targets = (
				82A294352A1B5D010064CEF4 /* TesterAbly */,
			);
		};
/* End PBXProject section */

/* Begin PBXResourcesBuildPhase section */
		82A294342A1B5D010064CEF4 /* Resources */ = {
			isa = PBXResourcesBuildPhase;
			buildActionMask = 2147483647;
			files = (
				82A294462A1B5D020064CEF4 /* LaunchScreen.storyboard in Resources */,
				82857A012A7C0978003A3D5A /* ChatMessageFromMeTVCell.xib in Resources */,
				82857A152A7CA104003A3D5A /* UIButtonView.xib in Resources */,
				82857A052A7C0986003A3D5A /* PresenceChatMessageTVCell.xib in Resources */,
				82A294432A1B5D020064CEF4 /* Messaging.xcassets in Resources */,
				82857A0D2A7C09A7003A3D5A /* AttachConfrimView.xib in Resources */,
				8227AE012A85090B00BCCA81 /* LottieAnimationView.xib in Resources */,
				828579FE2A7C0969003A3D5A /* ChatMessageToMeTVCell.xib in Resources */,
				8227ADEA2A84E24500BCCA81 /* LoadingStateView.xib in Resources */,
				8227AE072A850AD900BCCA81 /* Perqara.gif in Resources */,
				82A294412A1B5D010064CEF4 /* Main.storyboard in Resources */,
				82857A2A2A80C7C5003A3D5A /* ChatAttachmentFromMeTVCell.xib in Resources */,
				82857A262A80C07A003A3D5A /* ChatAttachmentToMeTVCell.xib in Resources */,
				82857A092A7C099D003A3D5A /* AttachmentView.xib in Resources */,
				8227ADFD2A85090100BCCA81 /* loadingLottie.json in Resources */,
			);
			runOnlyForDeploymentPostprocessing = 0;
		};
/* End PBXResourcesBuildPhase section */

/* Begin PBXSourcesBuildPhase section */
		82A294322A1B5D010064CEF4 /* Sources */ = {
			isa = PBXSourcesBuildPhase;
			buildActionMask = 2147483647;
			files = (
				82857A252A80C07A003A3D5A /* ChatAttachmentToMeTVCell.swift in Sources */,
				8227ADD82A838F5100BCCA81 /* Date+Extension.swift in Sources */,
				828579CB2A7B7323003A3D5A /* SocketHelper+Client+Extension.swift in Sources */,
				828F31AC2A80ED610025F2FA /* MessagingDataRouter.swift in Sources */,
				828579CD2A7B7323003A3D5A /* SocketConsultHelper+Client+Extension.swift in Sources */,
				828579CE2A7B7323003A3D5A /* SocketHelper+Lawyer+Extension.swift in Sources */,
				82857A0E2A7C09A7003A3D5A /* AttachConfrimView.swift in Sources */,
				828F31C22A8219B60025F2FA /* RestHelper.swift in Sources */,
				8227ADE32A84DEB400BCCA81 /* LawyerMessagingVC+ExtensionTableView.swift in Sources */,
				8227AE002A85090B00BCCA81 /* LottieAnimationView.swift in Sources */,
				8227AE032A850A6500BCCA81 /* UIImageView+Extension.swift in Sources */,
				828579FD2A7C0969003A3D5A /* ChatMessageToMeTVCell.swift in Sources */,
				8227AE052A850A7B00BCCA81 /* UIImage+Extension.swift in Sources */,
				828F31BA2A81F8630025F2FA /* MessageSendFile.swift in Sources */,
				828579E22A7C05FC003A3D5A /* LawyerMessagingVC.swift in Sources */,
				828F31B32A81F4660025F2FA /* GaleryPicker.swift in Sources */,
				82857A0A2A7C099D003A3D5A /* AttachmentView.swift in Sources */,
				828579DE2A7C05E5003A3D5A /* ClientMessagingVC.swift in Sources */,
				828579CA2A7B7323003A3D5A /* SocketConsultHelper+Lawyer+Extension.swift in Sources */,
				828F31B62A81F4B10025F2FA /* DocumentPicker.swift in Sources */,
				828579E42A7C0605003A3D5A /* LawyerMessagingVM.swift in Sources */,
				828579E62A7C062B003A3D5A /* MainMessagingVC.swift in Sources */,
				82857A162A7CA104003A3D5A /* UIButtonView.swift in Sources */,
				8227ADDA2A83B3CA00BCCA81 /* ClientMessagingVC+ExtensionTableView.swift in Sources */,
				828579E02A7C05EF003A3D5A /* ClientMessagingVM.swift in Sources */,
				828579E82A7C0637003A3D5A /* MainMessagingVM.swift in Sources */,
				82857A182A7CA1C6003A3D5A /* ServiceUrl.swift in Sources */,
				8227ADF72A84EAF200BCCA81 /* LawyerMessagingVC+ExtensionProtocol.swift in Sources */,
				82A2943E2A1B5D010064CEF4 /* ViewController.swift in Sources */,
				8227ADF02A84E69400BCCA81 /* Alert.swift in Sources */,
				8227ADF92A8507D500BCCA81 /* MessageReceiveFile.swift in Sources */,
				828579CF2A7B7323003A3D5A /* SocketHelper.swift in Sources */,
				8227ADE92A84E24500BCCA81 /* LoadingStateView.swift in Sources */,
				82857A062A7C0986003A3D5A /* PresenceChatMessageTVCell.swift in Sources */,
				828F31BC2A81F9A80025F2FA /* MessagingService.swift in Sources */,
				8227ADF22A84E6E500BCCA81 /* AlertInfo.swift in Sources */,
				828579ED2A7C06A4003A3D5A /* MessagingSend.swift in Sources */,
				8227ADD32A83426300BCCA81 /* UIViewController+extension.swift in Sources */,
				8227ADF42A84E77300BCCA81 /* UIApplication+Extension.swift in Sources */,
				82857A022A7C0978003A3D5A /* ChatMessageFromMeTVCell.swift in Sources */,
				828F31BE2A8218DD0025F2FA /* MessagingServiceUrl.swift in Sources */,
				828579EA2A7C064C003A3D5A /* MessagingRouter.swift in Sources */,
				82857A2C2A80CA35003A3D5A /* UIView+Extension.swift in Sources */,
				82857A292A80C7C5003A3D5A /* ChatAttachmentFromMeTVCell.swift in Sources */,
				82A2943A2A1B5D010064CEF4 /* AppDelegate.swift in Sources */,
				82A2943C2A1B5D010064CEF4 /* SceneDelegate.swift in Sources */,
				828579CC2A7B7323003A3D5A /* SocketConsultHelper.swift in Sources */,
				8227ADE52A84DFD500BCCA81 /* ClientMessagingVC+ExtensionProtocol.swift in Sources */,
				828F31B02A81F4350025F2FA /* CameraPicker.swift in Sources */,
				828579EF2A7C06B9003A3D5A /* MessagingReceive.swift in Sources */,
				8227ADE12A84D55400BCCA81 /* ErrResp.swift in Sources */,
			);
			runOnlyForDeploymentPostprocessing = 0;
		};
/* End PBXSourcesBuildPhase section */

/* Begin PBXVariantGroup section */
		82A2943F2A1B5D010064CEF4 /* Main.storyboard */ = {
			isa = PBXVariantGroup;
			children = (
				82A294402A1B5D010064CEF4 /* Base */,
			);
			name = Main.storyboard;
			sourceTree = "<group>";
		};
		82A294442A1B5D020064CEF4 /* LaunchScreen.storyboard */ = {
			isa = PBXVariantGroup;
			children = (
				82A294452A1B5D020064CEF4 /* Base */,
			);
			name = LaunchScreen.storyboard;
			sourceTree = "<group>";
		};
/* End PBXVariantGroup section */

/* Begin XCBuildConfiguration section */
		82A294482A1B5D020064CEF4 /* Debug */ = {
			isa = XCBuildConfiguration;
			buildSettings = {
				ALWAYS_SEARCH_USER_PATHS = NO;
				CLANG_ANALYZER_NONNULL = YES;
				CLANG_ANALYZER_NUMBER_OBJECT_CONVERSION = YES_AGGRESSIVE;
				CLANG_CXX_LANGUAGE_STANDARD = "gnu++20";
				CLANG_ENABLE_MODULES = YES;
				CLANG_ENABLE_OBJC_ARC = YES;
				CLANG_ENABLE_OBJC_WEAK = YES;
				CLANG_WARN_BLOCK_CAPTURE_AUTORELEASING = YES;
				CLANG_WARN_BOOL_CONVERSION = YES;
				CLANG_WARN_COMMA = YES;
				CLANG_WARN_CONSTANT_CONVERSION = YES;
				CLANG_WARN_DEPRECATED_OBJC_IMPLEMENTATIONS = YES;
				CLANG_WARN_DIRECT_OBJC_ISA_USAGE = YES_ERROR;
				CLANG_WARN_DOCUMENTATION_COMMENTS = YES;
				CLANG_WARN_EMPTY_BODY = YES;
				CLANG_WARN_ENUM_CONVERSION = YES;
				CLANG_WARN_INFINITE_RECURSION = YES;
				CLANG_WARN_INT_CONVERSION = YES;
				CLANG_WARN_NON_LITERAL_NULL_CONVERSION = YES;
				CLANG_WARN_OBJC_IMPLICIT_RETAIN_SELF = YES;
				CLANG_WARN_OBJC_LITERAL_CONVERSION = YES;
				CLANG_WARN_OBJC_ROOT_CLASS = YES_ERROR;
				CLANG_WARN_QUOTED_INCLUDE_IN_FRAMEWORK_HEADER = YES;
				CLANG_WARN_RANGE_LOOP_ANALYSIS = YES;
				CLANG_WARN_STRICT_PROTOTYPES = YES;
				CLANG_WARN_SUSPICIOUS_MOVE = YES;
				CLANG_WARN_UNGUARDED_AVAILABILITY = YES_AGGRESSIVE;
				CLANG_WARN_UNREACHABLE_CODE = YES;
				CLANG_WARN__DUPLICATE_METHOD_MATCH = YES;
				COPY_PHASE_STRIP = NO;
				DEBUG_INFORMATION_FORMAT = dwarf;
				ENABLE_STRICT_OBJC_MSGSEND = YES;
				ENABLE_TESTABILITY = YES;
				GCC_C_LANGUAGE_STANDARD = gnu11;
				GCC_DYNAMIC_NO_PIC = NO;
				GCC_NO_COMMON_BLOCKS = YES;
				GCC_OPTIMIZATION_LEVEL = 0;
				GCC_PREPROCESSOR_DEFINITIONS = (
					"DEBUG=1",
					"$(inherited)",
				);
				GCC_WARN_64_TO_32_BIT_CONVERSION = YES;
				GCC_WARN_ABOUT_RETURN_TYPE = YES_ERROR;
				GCC_WARN_UNDECLARED_SELECTOR = YES;
				GCC_WARN_UNINITIALIZED_AUTOS = YES_AGGRESSIVE;
				GCC_WARN_UNUSED_FUNCTION = YES;
				GCC_WARN_UNUSED_VARIABLE = YES;
				IPHONEOS_DEPLOYMENT_TARGET = 14.6;
				MTL_ENABLE_DEBUG_INFO = INCLUDE_SOURCE;
				MTL_FAST_MATH = YES;
				ONLY_ACTIVE_ARCH = YES;
				SDKROOT = iphoneos;
				SWIFT_ACTIVE_COMPILATION_CONDITIONS = DEBUG;
				SWIFT_OPTIMIZATION_LEVEL = "-Onone";
			};
			name = Debug;
		};
		82A294492A1B5D020064CEF4 /* Release */ = {
			isa = XCBuildConfiguration;
			buildSettings = {
				ALWAYS_SEARCH_USER_PATHS = NO;
				CLANG_ANALYZER_NONNULL = YES;
				CLANG_ANALYZER_NUMBER_OBJECT_CONVERSION = YES_AGGRESSIVE;
				CLANG_CXX_LANGUAGE_STANDARD = "gnu++20";
				CLANG_ENABLE_MODULES = YES;
				CLANG_ENABLE_OBJC_ARC = YES;
				CLANG_ENABLE_OBJC_WEAK = YES;
				CLANG_WARN_BLOCK_CAPTURE_AUTORELEASING = YES;
				CLANG_WARN_BOOL_CONVERSION = YES;
				CLANG_WARN_COMMA = YES;
				CLANG_WARN_CONSTANT_CONVERSION = YES;
				CLANG_WARN_DEPRECATED_OBJC_IMPLEMENTATIONS = YES;
				CLANG_WARN_DIRECT_OBJC_ISA_USAGE = YES_ERROR;
				CLANG_WARN_DOCUMENTATION_COMMENTS = YES;
				CLANG_WARN_EMPTY_BODY = YES;
				CLANG_WARN_ENUM_CONVERSION = YES;
				CLANG_WARN_INFINITE_RECURSION = YES;
				CLANG_WARN_INT_CONVERSION = YES;
				CLANG_WARN_NON_LITERAL_NULL_CONVERSION = YES;
				CLANG_WARN_OBJC_IMPLICIT_RETAIN_SELF = YES;
				CLANG_WARN_OBJC_LITERAL_CONVERSION = YES;
				CLANG_WARN_OBJC_ROOT_CLASS = YES_ERROR;
				CLANG_WARN_QUOTED_INCLUDE_IN_FRAMEWORK_HEADER = YES;
				CLANG_WARN_RANGE_LOOP_ANALYSIS = YES;
				CLANG_WARN_STRICT_PROTOTYPES = YES;
				CLANG_WARN_SUSPICIOUS_MOVE = YES;
				CLANG_WARN_UNGUARDED_AVAILABILITY = YES_AGGRESSIVE;
				CLANG_WARN_UNREACHABLE_CODE = YES;
				CLANG_WARN__DUPLICATE_METHOD_MATCH = YES;
				COPY_PHASE_STRIP = NO;
				DEBUG_INFORMATION_FORMAT = "dwarf-with-dsym";
				ENABLE_NS_ASSERTIONS = NO;
				ENABLE_STRICT_OBJC_MSGSEND = YES;
				GCC_C_LANGUAGE_STANDARD = gnu11;
				GCC_NO_COMMON_BLOCKS = YES;
				GCC_WARN_64_TO_32_BIT_CONVERSION = YES;
				GCC_WARN_ABOUT_RETURN_TYPE = YES_ERROR;
				GCC_WARN_UNDECLARED_SELECTOR = YES;
				GCC_WARN_UNINITIALIZED_AUTOS = YES_AGGRESSIVE;
				GCC_WARN_UNUSED_FUNCTION = YES;
				GCC_WARN_UNUSED_VARIABLE = YES;
				IPHONEOS_DEPLOYMENT_TARGET = 14.6;
				MTL_ENABLE_DEBUG_INFO = NO;
				MTL_FAST_MATH = YES;
				SDKROOT = iphoneos;
				SWIFT_COMPILATION_MODE = wholemodule;
				SWIFT_OPTIMIZATION_LEVEL = "-O";
				VALIDATE_PRODUCT = YES;
			};
			name = Release;
		};
		82A2944B2A1B5D020064CEF4 /* Debug */ = {
			isa = XCBuildConfiguration;
			buildSettings = {
				ASSETCATALOG_COMPILER_APPICON_NAME = AppIcon;
				ASSETCATALOG_COMPILER_GLOBAL_ACCENT_COLOR_NAME = AccentColor;
				CODE_SIGN_STYLE = Automatic;
				CURRENT_PROJECT_VERSION = 1;
				DEVELOPMENT_TEAM = 4QY5LZ6CJF;
				GENERATE_INFOPLIST_FILE = YES;
				INFOPLIST_FILE = TesterAbly/Info.plist;
				INFOPLIST_KEY_UIApplicationSupportsIndirectInputEvents = YES;
				INFOPLIST_KEY_UILaunchStoryboardName = LaunchScreen;
				INFOPLIST_KEY_UIMainStoryboardFile = Main;
				INFOPLIST_KEY_UISupportedInterfaceOrientations_iPad = "UIInterfaceOrientationPortrait UIInterfaceOrientationPortraitUpsideDown UIInterfaceOrientationLandscapeLeft UIInterfaceOrientationLandscapeRight";
				INFOPLIST_KEY_UISupportedInterfaceOrientations_iPhone = "UIInterfaceOrientationPortrait UIInterfaceOrientationLandscapeLeft UIInterfaceOrientationLandscapeRight";
				LD_RUNPATH_SEARCH_PATHS = (
					"$(inherited)",
					"@executable_path/Frameworks",
				);
				MARKETING_VERSION = 1.0;
				PRODUCT_BUNDLE_IDENTIFIER = com.RnD.Socket.Messaging;
				PRODUCT_NAME = "$(TARGET_NAME)";
				SWIFT_EMIT_LOC_STRINGS = YES;
				SWIFT_VERSION = 5.0;
				TARGETED_DEVICE_FAMILY = "1,2";
			};
			name = Debug;
		};
		82A2944C2A1B5D020064CEF4 /* Release */ = {
			isa = XCBuildConfiguration;
			buildSettings = {
				ASSETCATALOG_COMPILER_APPICON_NAME = AppIcon;
				ASSETCATALOG_COMPILER_GLOBAL_ACCENT_COLOR_NAME = AccentColor;
				CODE_SIGN_STYLE = Automatic;
				CURRENT_PROJECT_VERSION = 1;
				DEVELOPMENT_TEAM = 4QY5LZ6CJF;
				GENERATE_INFOPLIST_FILE = YES;
				INFOPLIST_FILE = TesterAbly/Info.plist;
				INFOPLIST_KEY_UIApplicationSupportsIndirectInputEvents = YES;
				INFOPLIST_KEY_UILaunchStoryboardName = LaunchScreen;
				INFOPLIST_KEY_UIMainStoryboardFile = Main;
				INFOPLIST_KEY_UISupportedInterfaceOrientations_iPad = "UIInterfaceOrientationPortrait UIInterfaceOrientationPortraitUpsideDown UIInterfaceOrientationLandscapeLeft UIInterfaceOrientationLandscapeRight";
				INFOPLIST_KEY_UISupportedInterfaceOrientations_iPhone = "UIInterfaceOrientationPortrait UIInterfaceOrientationLandscapeLeft UIInterfaceOrientationLandscapeRight";
				LD_RUNPATH_SEARCH_PATHS = (
					"$(inherited)",
					"@executable_path/Frameworks",
				);
				MARKETING_VERSION = 1.0;
				PRODUCT_BUNDLE_IDENTIFIER = com.RnD.Socket.Messaging;
				PRODUCT_NAME = "$(TARGET_NAME)";
				SWIFT_EMIT_LOC_STRINGS = YES;
				SWIFT_VERSION = 5.0;
				TARGETED_DEVICE_FAMILY = "1,2";
			};
			name = Release;
		};
/* End XCBuildConfiguration section */

/* Begin XCConfigurationList section */
		82A294312A1B5D010064CEF4 /* Build configuration list for PBXProject "TesterAbly" */ = {
			isa = XCConfigurationList;
			buildConfigurations = (
				82A294482A1B5D020064CEF4 /* Debug */,
				82A294492A1B5D020064CEF4 /* Release */,
			);
			defaultConfigurationIsVisible = 0;
			defaultConfigurationName = Release;
		};
		82A2944A2A1B5D020064CEF4 /* Build configuration list for PBXNativeTarget "TesterAbly" */ = {
			isa = XCConfigurationList;
			buildConfigurations = (
				82A2944B2A1B5D020064CEF4 /* Debug */,
				82A2944C2A1B5D020064CEF4 /* Release */,
			);
			defaultConfigurationIsVisible = 0;
			defaultConfigurationName = Release;
		};
/* End XCConfigurationList section */

/* Begin XCRemoteSwiftPackageReference section */
		8227ADCB2A8235A100BCCA81 /* XCRemoteSwiftPackageReference "socket" */ = {
			isa = XCRemoteSwiftPackageReference;
			repositoryURL = "https://github.com/socketio/socket.io-client-swift";
			requirement = {
				branch = master;
				kind = branch;
			};
		};
		8227ADCE2A8235DF00BCCA81 /* XCRemoteSwiftPackageReference "Alamofire" */ = {
			isa = XCRemoteSwiftPackageReference;
			repositoryURL = "https://github.com/Alamofire/Alamofire";
			requirement = {
				kind = upToNextMajorVersion;
				minimumVersion = 5.0.0;
			};
		};
		8227ADDB2A83FDDB00BCCA81 /* XCRemoteSwiftPackageReference "SDWebImage" */ = {
			isa = XCRemoteSwiftPackageReference;
			repositoryURL = "https://github.com/SDWebImage/SDWebImage.git";
			requirement = {
				kind = upToNextMajorVersion;
				minimumVersion = 5.0.0;
			};
		};
		8227ADEB2A84E4E300BCCA81 /* XCRemoteSwiftPackageReference "lottie-ios" */ = {
			isa = XCRemoteSwiftPackageReference;
			repositoryURL = "https://github.com/airbnb/lottie-ios.git";
			requirement = {
				kind = upToNextMajorVersion;
				minimumVersion = 4.0.0;
			};
		};
/* End XCRemoteSwiftPackageReference section */

/* Begin XCSwiftPackageProductDependency section */
		8227ADCC2A8235A100BCCA81 /* SocketIO */ = {
			isa = XCSwiftPackageProductDependency;
			package = 8227ADCB2A8235A100BCCA81 /* XCRemoteSwiftPackageReference "socket" */;
			productName = SocketIO;
		};
		8227ADCF2A8235DF00BCCA81 /* Alamofire */ = {
			isa = XCSwiftPackageProductDependency;
			package = 8227ADCE2A8235DF00BCCA81 /* XCRemoteSwiftPackageReference "Alamofire" */;
			productName = Alamofire;
		};
		8227ADDC2A83FDDB00BCCA81 /* SDWebImage */ = {
			isa = XCSwiftPackageProductDependency;
			package = 8227ADDB2A83FDDB00BCCA81 /* XCRemoteSwiftPackageReference "SDWebImage" */;
			productName = SDWebImage;
		};
		8227ADDE2A83FDDB00BCCA81 /* SDWebImageMapKit */ = {
			isa = XCSwiftPackageProductDependency;
			package = 8227ADDB2A83FDDB00BCCA81 /* XCRemoteSwiftPackageReference "SDWebImage" */;
			productName = SDWebImageMapKit;
		};
		8227ADEC2A84E4E300BCCA81 /* Lottie */ = {
			isa = XCSwiftPackageProductDependency;
			package = 8227ADEB2A84E4E300BCCA81 /* XCRemoteSwiftPackageReference "lottie-ios" */;
			productName = Lottie;
		};
/* End XCSwiftPackageProductDependency section */
	};
	rootObject = 82A2942E2A1B5D010064CEF4 /* Project object */;
}
